
Microsoft Visual Studio Solution File, Format Version 12.00
# Visual Studio Version 17
VisualStudioVersion = 17.0.31903.59
MinimumVisualStudioVersion = 10.0.40219.1
Project("{FAE04EC0-301F-11D3-BF4B-00C04F79EFBC}") = "BabelFish", "BabelFish\BabelFish.csproj", "{FE23F4D1-0F56-427B-9311-78FD5EA12CB6}"
EndProject
Project("{FAE04EC0-301F-11D3-BF4B-00C04F79EFBC}") = "test-BabelFish", "test-BabelFish\test-BabelFish.csproj", "{39CA68EB-87A9-4C95-A45C-8D0E382A625E}"
EndProject
Global
	GlobalSection(SolutionConfigurationPlatforms) = preSolution
		Debug|Any CPU = Debug|Any CPU
		Release|Any CPU = Release|Any CPU
	EndGlobalSection
	GlobalSection(SolutionProperties) = preSolution
		HideSolutionNode = FALSE
	EndGlobalSection
	GlobalSection(ProjectConfigurationPlatforms) = postSolution
		{FE23F4D1-0F56-427B-9311-78FD5EA12CB6}.Debug|Any CPU.ActiveCfg = Debug|Any CPU
		{FE23F4D1-0F56-427B-9311-78FD5EA12CB6}.Debug|Any CPU.Build.0 = Debug|Any CPU
		{FE23F4D1-0F56-427B-9311-78FD5EA12CB6}.Release|Any CPU.ActiveCfg = Release|Any CPU
		{FE23F4D1-0F56-427B-9311-78FD5EA12CB6}.Release|Any CPU.Build.0 = Release|Any CPU
		{39CA68EB-87A9-4C95-A45C-8D0E382A625E}.Debug|Any CPU.ActiveCfg = Debug|Any CPU
		{39CA68EB-87A9-4C95-A45C-8D0E382A625E}.Debug|Any CPU.Build.0 = Debug|Any CPU
		{39CA68EB-87A9-4C95-A45C-8D0E382A625E}.Release|Any CPU.ActiveCfg = Release|Any CPU
		{39CA68EB-87A9-4C95-A45C-8D0E382A625E}.Release|Any CPU.Build.0 = Release|Any CPU
	EndGlobalSection
EndGlobal
